
Microsoft Visual Studio Solution File, Format Version 12.00
# Visual Studio Version 16
VisualStudioVersion = 16.0.29001.49
MinimumVisualStudioVersion = 10.0.40219.1
Project("{9A19103F-16F7-4668-BE54-9A1E7A4F7556}") = "App_for_Converting_F_to_C", "App_for_Converting_F_to_C.csproj", "{BF7AA485-5D1C-44C7-AEB1-E941ADD70E54}"
EndProject
Global
	GlobalSection(SolutionConfigurationPlatforms) = preSolution
		Debug|Any CPU = Debug|Any CPU
		Release|Any CPU = Release|Any CPU
	EndGlobalSection
	GlobalSection(ProjectConfigurationPlatforms) = postSolution
		{BF7AA485-5D1C-44C7-AEB1-E941ADD70E54}.Debug|Any CPU.ActiveCfg = Debug|Any CPU
		{BF7AA485-5D1C-44C7-AEB1-E941ADD70E54}.Debug|Any CPU.Build.0 = Debug|Any CPU
		{BF7AA485-5D1C-44C7-AEB1-E941ADD70E54}.Release|Any CPU.ActiveCfg = Release|Any CPU
		{BF7AA485-5D1C-44C7-AEB1-E941ADD70E54}.Release|Any CPU.Build.0 = Release|Any CPU
	EndGlobalSection
	GlobalSection(SolutionProperties) = preSolution
		HideSolutionNode = FALSE
	EndGlobalSection
	GlobalSection(ExtensibilityGlobals) = postSolution
		SolutionGuid = {4D814A83-8ED9-4A62-B42F-CA02645672D8}
	EndGlobalSection
EndGlobal
